// !$*UTF8*$!
{
	archiveVersion = 1;
	classes = {
	};
	objectVersion = 46;
	objects = {

/* Begin PBXBuildFile section */
		CF768178A32F15919D489F8E /* AppDelegate.swift in Sources */ = {isa = PBXBuildFile; fileRef = CF768F0C1DF898EBF7EF2EEF /* AppDelegate.swift */; };
		CF76824EA866A7DFF0AF6F1C /* UIButtonExtension.swift in Sources */ = {isa = PBXBuildFile; fileRef = CF7681783165D7D79B4ECB7E /* UIButtonExtension.swift */; };
		CF7682DDDE0BA17A557A05DC /* back.png in Resources */ = {isa = PBXBuildFile; fileRef = CF7684BE4144407FB9BC7EAC /* back.png */; };
		CF7684613CB1D9B5B0A2C2BB /* UITextFieldExtension.swift in Sources */ = {isa = PBXBuildFile; fileRef = CF768D77B55CCA10FA9C0AC5 /* UITextFieldExtension.swift */; };
		CF768550CF449B30B5542A1B /* LoginOperationController.swift in Sources */ = {isa = PBXBuildFile; fileRef = CF768AEE8A145281436300DA /* LoginOperationController.swift */; };
		CF7685E7A92005B5B557EF94 /* LoginView.swift in Sources */ = {isa = PBXBuildFile; fileRef = CF768DE20ACF6E56AA603F85 /* LoginView.swift */; };
		CF7686EA760AD389F2DAC53B /* UIColorExtension.swift in Sources */ = {isa = PBXBuildFile; fileRef = CF768E6A30D5BB8A079D6ADD /* UIColorExtension.swift */; };
		CF76893F5A5DCA7686BF5096 /* LoginOperationView.swift in Sources */ = {isa = PBXBuildFile; fileRef = CF7680D820E107C79593E993 /* LoginOperationView.swift */; };
		CF768A5D7C296C5039E7D22D /* WelcomeController.swift in Sources */ = {isa = PBXBuildFile; fileRef = CF768395B926DBFB94076022 /* WelcomeController.swift */; };
		CF768A9A17D4110ADF6CF05A /* WelcomeView.swift in Sources */ = {isa = PBXBuildFile; fileRef = CF76849E6BDFB3C7D7B06C5E /* WelcomeView.swift */; };
		CF768B290E0C1DF649C4E71F /* LoginNameController.swift in Sources */ = {isa = PBXBuildFile; fileRef = CF76831DB5F93465FCDBA04B /* LoginNameController.swift */; };
		CF768B3B4D1221BAEB8EFE22 /* close.png in Resources */ = {isa = PBXBuildFile; fileRef = CF76819F3446E86AAF7E5D47 /* close.png */; };
		CF768B7653D2956D296230FF /* LoginController.swift in Sources */ = {isa = PBXBuildFile; fileRef = CF768FA47905C97E1956ED91 /* LoginController.swift */; };
		CF768D818CA5619BBC82C08A /* back1.png in Resources */ = {isa = PBXBuildFile; fileRef = CF76822E1ED2A4767019D601 /* back1.png */; };
		CF768E7E0C38B2E7C914B410 /* Assets.xcassets in Resources */ = {isa = PBXBuildFile; fileRef = CF768512E3B79EFBF840C6AB /* Assets.xcassets */; };
		CF768F0A02F7A83F4CDBE8CB /* logo.png in Resources */ = {isa = PBXBuildFile; fileRef = CF768414E18F9BDE1C742C24 /* logo.png */; };
		CF768F22DA90C3540B0B6F77 /* StackViewExtension.swift in Sources */ = {isa = PBXBuildFile; fileRef = CF768DF1FE349D3AEB54E614 /* StackViewExtension.swift */; };
		CF768F5BBB3026D0143D57B0 /* LoginNameView.swift in Sources */ = {isa = PBXBuildFile; fileRef = CF768FF544EBA9943CA0EC9D /* LoginNameView.swift */; };
		CF768F8D163134C613C15F9C /* UILabelExtension.swift in Sources */ = {isa = PBXBuildFile; fileRef = CF768022BF185E3E31AEC976 /* UILabelExtension.swift */; };
		CF768FF5B69BDD9A788A3B37 /* LayoutExtension.swift in Sources */ = {isa = PBXBuildFile; fileRef = CF768F92FC4489DE1CB7B441 /* LayoutExtension.swift */; };
/* End PBXBuildFile section */

/* Begin PBXFileReference section */
		CF768022BF185E3E31AEC976 /* UILabelExtension.swift */ = {isa = PBXFileReference; fileEncoding = 4; lastKnownFileType = sourcecode.swift; path = UILabelExtension.swift; sourceTree = "<group>"; };
		CF7680D820E107C79593E993 /* LoginOperationView.swift */ = {isa = PBXFileReference; fileEncoding = 4; lastKnownFileType = sourcecode.swift; path = LoginOperationView.swift; sourceTree = "<group>"; };
		CF76811E5D0A5828925ACB28 /* enrecovery.app */ = {isa = PBXFileReference; explicitFileType = wrapper.application; includeInIndex = 0; path = enrecovery.app; sourceTree = BUILT_PRODUCTS_DIR; };
		CF7681783165D7D79B4ECB7E /* UIButtonExtension.swift */ = {isa = PBXFileReference; fileEncoding = 4; lastKnownFileType = sourcecode.swift; path = UIButtonExtension.swift; sourceTree = "<group>"; };
		CF76819F3446E86AAF7E5D47 /* close.png */ = {isa = PBXFileReference; lastKnownFileType = image.png; path = close.png; sourceTree = "<group>"; };
		CF76821800115B30A4E9ECC4 /* Info.plist */ = {isa = PBXFileReference; lastKnownFileType = text.plist.info; path = Info.plist; sourceTree = "<group>"; };
		CF76822E1ED2A4767019D601 /* back1.png */ = {isa = PBXFileReference; lastKnownFileType = image.png; path = back1.png; sourceTree = "<group>"; };
		CF76831DB5F93465FCDBA04B /* LoginNameController.swift */ = {isa = PBXFileReference; fileEncoding = 4; lastKnownFileType = sourcecode.swift; path = LoginNameController.swift; sourceTree = "<group>"; };
		CF768395B926DBFB94076022 /* WelcomeController.swift */ = {isa = PBXFileReference; fileEncoding = 4; lastKnownFileType = sourcecode.swift; path = WelcomeController.swift; sourceTree = "<group>"; };
		CF768414E18F9BDE1C742C24 /* logo.png */ = {isa = PBXFileReference; lastKnownFileType = image.png; path = logo.png; sourceTree = "<group>"; };
		CF76849E6BDFB3C7D7B06C5E /* WelcomeView.swift */ = {isa = PBXFileReference; fileEncoding = 4; lastKnownFileType = sourcecode.swift; path = WelcomeView.swift; sourceTree = "<group>"; };
		CF7684BE4144407FB9BC7EAC /* back.png */ = {isa = PBXFileReference; lastKnownFileType = image.png; path = back.png; sourceTree = "<group>"; };
		CF768512E3B79EFBF840C6AB /* Assets.xcassets */ = {isa = PBXFileReference; lastKnownFileType = folder.assetcatalog; path = Assets.xcassets; sourceTree = "<group>"; };
		CF768AEE8A145281436300DA /* LoginOperationController.swift */ = {isa = PBXFileReference; fileEncoding = 4; lastKnownFileType = sourcecode.swift; path = LoginOperationController.swift; sourceTree = "<group>"; };
		CF768D77B55CCA10FA9C0AC5 /* UITextFieldExtension.swift */ = {isa = PBXFileReference; fileEncoding = 4; lastKnownFileType = sourcecode.swift; path = UITextFieldExtension.swift; sourceTree = "<group>"; };
		CF768DE20ACF6E56AA603F85 /* LoginView.swift */ = {isa = PBXFileReference; fileEncoding = 4; lastKnownFileType = sourcecode.swift; path = LoginView.swift; sourceTree = "<group>"; };
		CF768DF1FE349D3AEB54E614 /* StackViewExtension.swift */ = {isa = PBXFileReference; fileEncoding = 4; lastKnownFileType = sourcecode.swift; path = StackViewExtension.swift; sourceTree = "<group>"; };
		CF768E6A30D5BB8A079D6ADD /* UIColorExtension.swift */ = {isa = PBXFileReference; fileEncoding = 4; lastKnownFileType = sourcecode.swift; path = UIColorExtension.swift; sourceTree = "<group>"; };
		CF768F0C1DF898EBF7EF2EEF /* AppDelegate.swift */ = {isa = PBXFileReference; lastKnownFileType = sourcecode.swift; path = AppDelegate.swift; sourceTree = "<group>"; };
		CF768F92FC4489DE1CB7B441 /* LayoutExtension.swift */ = {isa = PBXFileReference; fileEncoding = 4; lastKnownFileType = sourcecode.swift; path = LayoutExtension.swift; sourceTree = "<group>"; };
		CF768FA47905C97E1956ED91 /* LoginController.swift */ = {isa = PBXFileReference; fileEncoding = 4; lastKnownFileType = sourcecode.swift; path = LoginController.swift; sourceTree = "<group>"; };
		CF768FF544EBA9943CA0EC9D /* LoginNameView.swift */ = {isa = PBXFileReference; fileEncoding = 4; lastKnownFileType = sourcecode.swift; path = LoginNameView.swift; sourceTree = "<group>"; };
/* End PBXFileReference section */

/* Begin PBXFrameworksBuildPhase section */
		CF768E5FCFF3A1C0E706DCC0 /* Frameworks */ = {
			isa = PBXFrameworksBuildPhase;
			buildActionMask = 2147483647;
			files = (
			);
			runOnlyForDeploymentPostprocessing = 0;
		};
/* End PBXFrameworksBuildPhase section */

/* Begin PBXGroup section */
		CF76811BE9507115A00B2739 /* extensions */ = {
			isa = PBXGroup;
			children = (
				CF768F92FC4489DE1CB7B441 /* LayoutExtension.swift */,
				CF768E6A30D5BB8A079D6ADD /* UIColorExtension.swift */,
				CF768022BF185E3E31AEC976 /* UILabelExtension.swift */,
				CF7681783165D7D79B4ECB7E /* UIButtonExtension.swift */,
				CF768DF1FE349D3AEB54E614 /* StackViewExtension.swift */,
				CF768D77B55CCA10FA9C0AC5 /* UITextFieldExtension.swift */,
			);
			path = extensions;
			sourceTree = "<group>";
		};
		CF76858A2A2C754129347E85 /* views */ = {
			isa = PBXGroup;
			children = (
				CF76849E6BDFB3C7D7B06C5E /* WelcomeView.swift */,
				CF768DE20ACF6E56AA603F85 /* LoginView.swift */,
				CF768FF544EBA9943CA0EC9D /* LoginNameView.swift */,
				CF7680D820E107C79593E993 /* LoginOperationView.swift */,
			);
			path = views;
			sourceTree = "<group>";
		};
		CF768BF9E6E3D0F885BE0024 /* Products */ = {
			isa = PBXGroup;
			children = (
				CF76811E5D0A5828925ACB28 /* enrecovery.app */,
			);
			name = Products;
			sourceTree = "<group>";
		};
		CF768D2D12B61C47BF0995D7 /* controllers */ = {
			isa = PBXGroup;
			children = (
				CF768395B926DBFB94076022 /* WelcomeController.swift */,
				CF768FA47905C97E1956ED91 /* LoginController.swift */,
				CF76831DB5F93465FCDBA04B /* LoginNameController.swift */,
				CF768AEE8A145281436300DA /* LoginOperationController.swift */,
			);
			path = controllers;
			sourceTree = "<group>";
		};
		CF768E20B33ACDBB2CEEEBAD /* enrecovery */ = {
			isa = PBXGroup;
			children = (
				CF76821800115B30A4E9ECC4 /* Info.plist */,
				CF768512E3B79EFBF840C6AB /* Assets.xcassets */,
				CF768F0C1DF898EBF7EF2EEF /* AppDelegate.swift */,
				CF768D2D12B61C47BF0995D7 /* controllers */,
				CF76858A2A2C754129347E85 /* views */,
				CF76811BE9507115A00B2739 /* extensions */,
				CF768414E18F9BDE1C742C24 /* logo.png */,
				CF76819F3446E86AAF7E5D47 /* close.png */,
				CF7684BE4144407FB9BC7EAC /* back.png */,
				CF76822E1ED2A4767019D601 /* back1.png */,
			);
			path = enrecovery;
			sourceTree = "<group>";
		};
		CF768E8F723012D600DEA528 = {
			isa = PBXGroup;
			children = (
				CF768BF9E6E3D0F885BE0024 /* Products */,
				CF768E20B33ACDBB2CEEEBAD /* enrecovery */,
			);
			sourceTree = "<group>";
		};
/* End PBXGroup section */

/* Begin PBXNativeTarget section */
		CF7688B1580C36E00FB359D7 /* enrecovery */ = {
			isa = PBXNativeTarget;
			buildConfigurationList = CF768D70FA1EA954966AFC29 /* Build configuration list for PBXNativeTarget "enrecovery" */;
			buildPhases = (
				CF76867ED1B195828685319D /* Sources */,
				CF768E5FCFF3A1C0E706DCC0 /* Frameworks */,
				CF76896B424793860C4ABA0C /* Resources */,
			);
			buildRules = (
			);
			dependencies = (
			);
			name = enrecovery;
			productName = enrecovery;
			productReference = CF76811E5D0A5828925ACB28 /* enrecovery.app */;
			productType = "com.apple.product-type.application";
		};
/* End PBXNativeTarget section */

/* Begin PBXProject section */
		CF768BB453B3F397F574C0FF /* Project object */ = {
			isa = PBXProject;
			attributes = {
				ORGANIZATIONNAME = "___FULLUSERNAME___";
			};
			buildConfigurationList = CF76858144B3F2F5C4E28005 /* Build configuration list for PBXProject "enrecovery" */;
			compatibilityVersion = "Xcode 3.2";
			developmentRegion = English;
			hasScannedForEncodings = 0;
			knownRegions = (
				en,
			);
			mainGroup = CF768E8F723012D600DEA528;
			productRefGroup = CF768BF9E6E3D0F885BE0024 /* Products */;
			projectDirPath = "";
			projectRoot = "";
			targets = (
				CF7688B1580C36E00FB359D7 /* enrecovery */,
			);
		};
/* End PBXProject section */

/* Begin PBXResourcesBuildPhase section */
		CF76896B424793860C4ABA0C /* Resources */ = {
			isa = PBXResourcesBuildPhase;
			buildActionMask = 2147483647;
			files = (
				CF768E7E0C38B2E7C914B410 /* Assets.xcassets in Resources */,
				CF768F0A02F7A83F4CDBE8CB /* logo.png in Resources */,
				CF768B3B4D1221BAEB8EFE22 /* close.png in Resources */,
				CF7682DDDE0BA17A557A05DC /* back.png in Resources */,
				CF768D818CA5619BBC82C08A /* back1.png in Resources */,
			);
			runOnlyForDeploymentPostprocessing = 0;
		};
/* End PBXResourcesBuildPhase section */

/* Begin PBXSourcesBuildPhase section */
		CF76867ED1B195828685319D /* Sources */ = {
			isa = PBXSourcesBuildPhase;
			buildActionMask = 2147483647;
			files = (
				CF768178A32F15919D489F8E /* AppDelegate.swift in Sources */,
				CF768A5D7C296C5039E7D22D /* WelcomeController.swift in Sources */,
				CF768A9A17D4110ADF6CF05A /* WelcomeView.swift in Sources */,
				CF768FF5B69BDD9A788A3B37 /* LayoutExtension.swift in Sources */,
				CF7686EA760AD389F2DAC53B /* UIColorExtension.swift in Sources */,
				CF768F8D163134C613C15F9C /* UILabelExtension.swift in Sources */,
				CF76824EA866A7DFF0AF6F1C /* UIButtonExtension.swift in Sources */,
				CF768F22DA90C3540B0B6F77 /* StackViewExtension.swift in Sources */,
				CF7684613CB1D9B5B0A2C2BB /* UITextFieldExtension.swift in Sources */,
				CF768B7653D2956D296230FF /* LoginController.swift in Sources */,
				CF7685E7A92005B5B557EF94 /* LoginView.swift in Sources */,
				CF768B290E0C1DF649C4E71F /* LoginNameController.swift in Sources */,
				CF768F5BBB3026D0143D57B0 /* LoginNameView.swift in Sources */,
				CF768550CF449B30B5542A1B /* LoginOperationController.swift in Sources */,
				CF76893F5A5DCA7686BF5096 /* LoginOperationView.swift in Sources */,
			);
			runOnlyForDeploymentPostprocessing = 0;
		};
/* End PBXSourcesBuildPhase section */

/* Begin XCBuildConfiguration section */
		CF76822129A5072C0CED1906 /* Release */ = {
			isa = XCBuildConfiguration;
			buildSettings = {
				ALWAYS_SEARCH_USER_PATHS = NO;
				CLANG_ANALYZER_NONNULL = YES;
				CLANG_ANALYZER_NUMBER_OBJECT_CONVERSION = YES_AGGRESSIVE;
				CLANG_CXX_LANGUAGE_STANDARD = "gnu++14";
				CLANG_CXX_LIBRARY = "libc++";
				CLANG_ENABLE_MODULES = YES;
				CLANG_ENABLE_OBJC_ARC = YES;
				CLANG_ENABLE_OBJC_WEAK = YES;
				CLANG_WARN_BLOCK_CAPTURE_AUTORELEASING = YES;
				CLANG_WARN_BOOL_CONVERSION = YES;
				CLANG_WARN_COMMA = YES;
				CLANG_WARN_CONSTANT_CONVERSION = YES;
				CLANG_WARN_DEPRECATED_OBJC_IMPLEMENTATIONS = YES;
				CLANG_WARN_DIRECT_OBJC_ISA_USAGE = YES_ERROR;
				CLANG_WARN_DOCUMENTATION_COMMENTS = YES;
				CLANG_WARN_EMPTY_BODY = YES;
				CLANG_WARN_ENUM_CONVERSION = YES;
				CLANG_WARN_INFINITE_RECURSION = YES;
				CLANG_WARN_INT_CONVERSION = YES;
				CLANG_WARN_NON_LITERAL_NULL_CONVERSION = YES;
				CLANG_WARN_OBJC_IMPLICIT_RETAIN_SELF = YES;
				CLANG_WARN_OBJC_LITERAL_CONVERSION = YES;
				CLANG_WARN_OBJC_ROOT_CLASS = YES_ERROR;
				CLANG_WARN_RANGE_LOOP_ANALYSIS = YES;
				CLANG_WARN_STRICT_PROTOTYPES = YES;
				CLANG_WARN_SUSPICIOUS_MOVE = YES;
				CLANG_WARN_UNGUARDED_AVAILABILITY = YES_AGGRESSIVE;
				CLANG_WARN_UNREACHABLE_CODE = YES;
				CLANG_WARN__DUPLICATE_METHOD_MATCH = YES;
				CODE_SIGN_IDENTITY = "iPhone Developer";
				COPY_PHASE_STRIP = NO;
				DEBUG_INFORMATION_FORMAT = "dwarf-with-dsym";
				ENABLE_NS_ASSERTIONS = NO;
				ENABLE_STRICT_OBJC_MSGSEND = YES;
				GCC_C_LANGUAGE_STANDARD = gnu11;
				GCC_NO_COMMON_BLOCKS = YES;
				GCC_WARN_64_TO_32_BIT_CONVERSION = YES;
				GCC_WARN_ABOUT_RETURN_TYPE = YES_ERROR;
				GCC_WARN_UNDECLARED_SELECTOR = YES;
				GCC_WARN_UNINITIALIZED_AUTOS = YES_AGGRESSIVE;
				GCC_WARN_UNUSED_FUNCTION = YES;
				GCC_WARN_UNUSED_VARIABLE = YES;
				IPHONEOS_DEPLOYMENT_TARGET = 11.3;
				MTL_ENABLE_DEBUG_INFO = NO;
				SDKROOT = iphoneos;
				SWIFT_COMPILATION_MODE = wholemodule;
				SWIFT_OPTIMIZATION_LEVEL = "-O";
				VALIDATE_PRODUCT = YES;
			};
			name = Release;
		};
		CF768673708AE47B6053B139 /* Debug */ = {
			isa = XCBuildConfiguration;
			buildSettings = {
				ASSETCATALOG_COMPILER_APPICON_NAME = AppIcon;
				INFOPLIST_FILE = enrecovery/Info.plist;
				LD_RUNPATH_SEARCH_PATHS = "$(inherited) @executable_path/Frameworks";
				PRODUCT_BUNDLE_IDENTIFIER = enrecovery.co.uk.enrecovery;
				PRODUCT_NAME = "$(TARGET_NAME)";
				SWIFT_VERSION = 4.0;
				TARGETED_DEVICE_FAMILY = "1,2";
			};
			name = Debug;
		};
		CF76872119F74E62B3A60950 /* Release */ = {
			isa = XCBuildConfiguration;
			buildSettings = {
				ASSETCATALOG_COMPILER_APPICON_NAME = AppIcon;
				INFOPLIST_FILE = enrecovery/Info.plist;
				LD_RUNPATH_SEARCH_PATHS = "$(inherited) @executable_path/Frameworks";
				PRODUCT_BUNDLE_IDENTIFIER = enrecovery.co.uk.enrecovery;
				PRODUCT_NAME = "$(TARGET_NAME)";
				SWIFT_VERSION = 4.0;
				TARGETED_DEVICE_FAMILY = "1,2";
			};
			name = Release;
		};
		CF768BD3DA2A33B8ADF11C6F /* Debug */ = {
			isa = XCBuildConfiguration;
			buildSettings = {
				ALWAYS_SEARCH_USER_PATHS = NO;
				CLANG_ANALYZER_NONNULL = YES;
				CLANG_ANALYZER_NUMBER_OBJECT_CONVERSION = YES_AGGRESSIVE;
				CLANG_CXX_LANGUAGE_STANDARD = "gnu++14";
				CLANG_CXX_LIBRARY = "libc++";
				CLANG_ENABLE_MODULES = YES;
				CLANG_ENABLE_OBJC_ARC = YES;
				CLANG_ENABLE_OBJC_WEAK = YES;
				CLANG_WARN_BLOCK_CAPTURE_AUTORELEASING = YES;
				CLANG_WARN_BOOL_CONVERSION = YES;
				CLANG_WARN_COMMA = YES;
				CLANG_WARN_CONSTANT_CONVERSION = YES;
				CLANG_WARN_DEPRECATED_OBJC_IMPLEMENTATIONS = YES;
				CLANG_WARN_DIRECT_OBJC_ISA_USAGE = YES_ERROR;
				CLANG_WARN_DOCUMENTATION_COMMENTS = YES;
				CLANG_WARN_EMPTY_BODY = YES;
				CLANG_WARN_ENUM_CONVERSION = YES;
				CLANG_WARN_INFINITE_RECURSION = YES;
				CLANG_WARN_INT_CONVERSION = YES;
				CLANG_WARN_NON_LITERAL_NULL_CONVERSION = YES;
				CLANG_WARN_OBJC_IMPLICIT_RETAIN_SELF = YES;
				CLANG_WARN_OBJC_LITERAL_CONVERSION = YES;
				CLANG_WARN_OBJC_ROOT_CLASS = YES_ERROR;
				CLANG_WARN_RANGE_LOOP_ANALYSIS = YES;
				CLANG_WARN_STRICT_PROTOTYPES = YES;
				CLANG_WARN_SUSPICIOUS_MOVE = YES;
				CLANG_WARN_UNGUARDED_AVAILABILITY = YES_AGGRESSIVE;
				CLANG_WARN_UNREACHABLE_CODE = YES;
				CLANG_WARN__DUPLICATE_METHOD_MATCH = YES;
				CODE_SIGN_IDENTITY = "iPhone Developer";
				COPY_PHASE_STRIP = NO;
				DEBUG_INFORMATION_FORMAT = dwarf;
				ENABLE_STRICT_OBJC_MSGSEND = YES;
				ENABLE_TESTABILITY = YES;
				GCC_C_LANGUAGE_STANDARD = gnu11;
				GCC_DYNAMIC_NO_PIC = NO;
				GCC_NO_COMMON_BLOCKS = YES;
				GCC_OPTIMIZATION_LEVEL = 0;
				GCC_PREPROCESSOR_DEFINITIONS = (
					"DEBUG=1",
					"$(inherited)",
				);
				GCC_WARN_64_TO_32_BIT_CONVERSION = YES;
				GCC_WARN_ABOUT_RETURN_TYPE = YES_ERROR;
				GCC_WARN_UNDECLARED_SELECTOR = YES;
				GCC_WARN_UNINITIALIZED_AUTOS = YES_AGGRESSIVE;
				GCC_WARN_UNUSED_FUNCTION = YES;
				GCC_WARN_UNUSED_VARIABLE = YES;
				IPHONEOS_DEPLOYMENT_TARGET = 11.3;
				MTL_ENABLE_DEBUG_INFO = YES;
				ONLY_ACTIVE_ARCH = YES;
				SDKROOT = iphoneos;
				SWIFT_ACTIVE_COMPILATION_CONDITIONS = DEBUG;
				SWIFT_OPTIMIZATION_LEVEL = "-Onone";
			};
			name = Debug;
		};
/* End XCBuildConfiguration section */

/* Begin XCConfigurationList section */
		CF76858144B3F2F5C4E28005 /* Build configuration list for PBXProject "enrecovery" */ = {
			isa = XCConfigurationList;
			buildConfigurations = (
				CF768BD3DA2A33B8ADF11C6F /* Debug */,
				CF76822129A5072C0CED1906 /* Release */,
			);
			defaultConfigurationIsVisible = 0;
			defaultConfigurationName = Release;
		};
		CF768D70FA1EA954966AFC29 /* Build configuration list for PBXNativeTarget "enrecovery" */ = {
			isa = XCConfigurationList;
			buildConfigurations = (
				CF768673708AE47B6053B139 /* Debug */,
				CF76872119F74E62B3A60950 /* Release */,
			);
			defaultConfigurationIsVisible = 0;
		};
/* End XCConfigurationList section */
	};
	rootObject = CF768BB453B3F397F574C0FF /* Project object */;
}
